
Microsoft Visual Studio Solution File, Format Version 12.00
# Visual Studio 15
VisualStudioVersion = 15.0.27428.2002
MinimumVisualStudioVersion = 10.0.40219.1
Project("{FAE04EC0-301F-11D3-BF4B-00C04F79EFBC}") = "WebAPI_ASP_Demo", "WebAPI_ASP_Demo\WebAPI_ASP_Demo.csproj", "{C1DC8C2F-ECC2-470A-84C9-D091FA7BB2D3}"
EndProject
Global
	GlobalSection(SolutionConfigurationPlatforms) = preSolution
		Debug|Any CPU = Debug|Any CPU
		Release|Any CPU = Release|Any CPU
	EndGlobalSection
	GlobalSection(ProjectConfigurationPlatforms) = postSolution
		{C1DC8C2F-ECC2-470A-84C9-D091FA7BB2D3}.Debug|Any CPU.ActiveCfg = Debug|Any CPU
		{C1DC8C2F-ECC2-470A-84C9-D091FA7BB2D3}.Debug|Any CPU.Build.0 = Debug|Any CPU
		{C1DC8C2F-ECC2-470A-84C9-D091FA7BB2D3}.Release|Any CPU.ActiveCfg = Release|Any CPU
		{C1DC8C2F-ECC2-470A-84C9-D091FA7BB2D3}.Release|Any CPU.Build.0 = Release|Any CPU
	EndGlobalSection
	GlobalSection(SolutionProperties) = preSolution
		HideSolutionNode = FALSE
	EndGlobalSection
	GlobalSection(ExtensibilityGlobals) = postSolution
		SolutionGuid = {FCDEC314-6192-4068-B3F2-7F58DB9918F1}
	EndGlobalSection
EndGlobal
